
Microsoft Visual Studio Solution File, Format Version 12.00
# Visual Studio Version 17
VisualStudioVersion = 17.2.32516.85
MinimumVisualStudioVersion = 10.0.40219.1
Project("{9A19103F-16F7-4668-BE54-9A1E7A4F7556}") = "01", "01\01.csproj", "{B57E4ED2-1423-4DCE-B0C6-1C9B96DBFD1C}"
EndProject
Project("{9A19103F-16F7-4668-BE54-9A1E7A4F7556}") = "02", "02\02.csproj", "{5523BBC8-A186-4246-805F-257877C26E2E}"
EndProject
Project("{9A19103F-16F7-4668-BE54-9A1E7A4F7556}") = "03", "03\03.csproj", "{BA53B2C1-09A4-459C-BE6E-1CF5B08281A6}"
EndProject
Project("{9A19103F-16F7-4668-BE54-9A1E7A4F7556}") = "04", "04\04.csproj", "{7CC91DBE-3918-4A94-AA48-4B83207B4E44}"
EndProject
Project("{9A19103F-16F7-4668-BE54-9A1E7A4F7556}") = "05", "05\05.csproj", "{EA440181-0778-46FA-8D92-DA9510CE0BB0}"
EndProject
Project("{9A19103F-16F7-4668-BE54-9A1E7A4F7556}") = "06", "06\06.csproj", "{B8D23DFC-60D5-44DF-960F-2B2CB16075D4}"
EndProject
Project("{9A19103F-16F7-4668-BE54-9A1E7A4F7556}") = "07", "07\07.csproj", "{F5DDF6BB-527D-446F-9080-0C72E23B96BA}"
EndProject
Project("{9A19103F-16F7-4668-BE54-9A1E7A4F7556}") = "08", "08\08.csproj", "{32C5020B-5821-4D75-9547-176DE8B11C21}"
EndProject
Project("{FAE04EC0-301F-11D3-BF4B-00C04F79EFBC}") = "09", "09\09.csproj", "{BB992352-5400-4608-82FB-9692F0C14A71}"
EndProject
Project("{FAE04EC0-301F-11D3-BF4B-00C04F79EFBC}") = "10", "10\10.csproj", "{9841C5FD-A610-40DB-817B-1432769E758E}"
EndProject
Project("{FAE04EC0-301F-11D3-BF4B-00C04F79EFBC}") = "11", "11\11.csproj", "{7770F571-0C06-4B98-A864-34E6FC7C56EE}"
EndProject
Global
	GlobalSection(SolutionConfigurationPlatforms) = preSolution
		Debug|Any CPU = Debug|Any CPU
		Release|Any CPU = Release|Any CPU
	EndGlobalSection
	GlobalSection(ProjectConfigurationPlatforms) = postSolution
		{B57E4ED2-1423-4DCE-B0C6-1C9B96DBFD1C}.Debug|Any CPU.ActiveCfg = Debug|Any CPU
		{B57E4ED2-1423-4DCE-B0C6-1C9B96DBFD1C}.Debug|Any CPU.Build.0 = Debug|Any CPU
		{B57E4ED2-1423-4DCE-B0C6-1C9B96DBFD1C}.Release|Any CPU.ActiveCfg = Release|Any CPU
		{B57E4ED2-1423-4DCE-B0C6-1C9B96DBFD1C}.Release|Any CPU.Build.0 = Release|Any CPU
		{5523BBC8-A186-4246-805F-257877C26E2E}.Debug|Any CPU.ActiveCfg = Debug|Any CPU
		{5523BBC8-A186-4246-805F-257877C26E2E}.Debug|Any CPU.Build.0 = Debug|Any CPU
		{5523BBC8-A186-4246-805F-257877C26E2E}.Release|Any CPU.ActiveCfg = Release|Any CPU
		{5523BBC8-A186-4246-805F-257877C26E2E}.Release|Any CPU.Build.0 = Release|Any CPU
		{BA53B2C1-09A4-459C-BE6E-1CF5B08281A6}.Debug|Any CPU.ActiveCfg = Debug|Any CPU
		{BA53B2C1-09A4-459C-BE6E-1CF5B08281A6}.Debug|Any CPU.Build.0 = Debug|Any CPU
		{BA53B2C1-09A4-459C-BE6E-1CF5B08281A6}.Release|Any CPU.ActiveCfg = Release|Any CPU
		{BA53B2C1-09A4-459C-BE6E-1CF5B08281A6}.Release|Any CPU.Build.0 = Release|Any CPU
		{7CC91DBE-3918-4A94-AA48-4B83207B4E44}.Debug|Any CPU.ActiveCfg = Debug|Any CPU
		{7CC91DBE-3918-4A94-AA48-4B83207B4E44}.Debug|Any CPU.Build.0 = Debug|Any CPU
		{7CC91DBE-3918-4A94-AA48-4B83207B4E44}.Release|Any CPU.ActiveCfg = Release|Any CPU
		{7CC91DBE-3918-4A94-AA48-4B83207B4E44}.Release|Any CPU.Build.0 = Release|Any CPU
		{EA440181-0778-46FA-8D92-DA9510CE0BB0}.Debug|Any CPU.ActiveCfg = Debug|Any CPU
		{EA440181-0778-46FA-8D92-DA9510CE0BB0}.Debug|Any CPU.Build.0 = Debug|Any CPU
		{EA440181-0778-46FA-8D92-DA9510CE0BB0}.Release|Any CPU.ActiveCfg = Release|Any CPU
		{EA440181-0778-46FA-8D92-DA9510CE0BB0}.Release|Any CPU.Build.0 = Release|Any CPU
		{B8D23DFC-60D5-44DF-960F-2B2CB16075D4}.Debug|Any CPU.ActiveCfg = Debug|Any CPU
		{B8D23DFC-60D5-44DF-960F-2B2CB16075D4}.Debug|Any CPU.Build.0 = Debug|Any CPU
		{B8D23DFC-60D5-44DF-960F-2B2CB16075D4}.Release|Any CPU.ActiveCfg = Release|Any CPU
		{B8D23DFC-60D5-44DF-960F-2B2CB16075D4}.Release|Any CPU.Build.0 = Release|Any CPU
		{F5DDF6BB-527D-446F-9080-0C72E23B96BA}.Debug|Any CPU.ActiveCfg = Debug|Any CPU
		{F5DDF6BB-527D-446F-9080-0C72E23B96BA}.Debug|Any CPU.Build.0 = Debug|Any CPU
		{F5DDF6BB-527D-446F-9080-0C72E23B96BA}.Release|Any CPU.ActiveCfg = Release|Any CPU
		{F5DDF6BB-527D-446F-9080-0C72E23B96BA}.Release|Any CPU.Build.0 = Release|Any CPU
		{32C5020B-5821-4D75-9547-176DE8B11C21}.Debug|Any CPU.ActiveCfg = Debug|Any CPU
		{32C5020B-5821-4D75-9547-176DE8B11C21}.Debug|Any CPU.Build.0 = Debug|Any CPU
		{32C5020B-5821-4D75-9547-176DE8B11C21}.Release|Any CPU.ActiveCfg = Release|Any CPU
		{32C5020B-5821-4D75-9547-176DE8B11C21}.Release|Any CPU.Build.0 = Release|Any CPU
		{BB992352-5400-4608-82FB-9692F0C14A71}.Debug|Any CPU.ActiveCfg = Debug|Any CPU
		{BB992352-5400-4608-82FB-9692F0C14A71}.Debug|Any CPU.Build.0 = Debug|Any CPU
		{BB992352-5400-4608-82FB-9692F0C14A71}.Release|Any CPU.ActiveCfg = Release|Any CPU
		{BB992352-5400-4608-82FB-9692F0C14A71}.Release|Any CPU.Build.0 = Release|Any CPU
		{9841C5FD-A610-40DB-817B-1432769E758E}.Debug|Any CPU.ActiveCfg = Debug|Any CPU
		{9841C5FD-A610-40DB-817B-1432769E758E}.Debug|Any CPU.Build.0 = Debug|Any CPU
		{9841C5FD-A610-40DB-817B-1432769E758E}.Release|Any CPU.ActiveCfg = Release|Any CPU
		{9841C5FD-A610-40DB-817B-1432769E758E}.Release|Any CPU.Build.0 = Release|Any CPU
		{7770F571-0C06-4B98-A864-34E6FC7C56EE}.Debug|Any CPU.ActiveCfg = Debug|Any CPU
		{7770F571-0C06-4B98-A864-34E6FC7C56EE}.Debug|Any CPU.Build.0 = Debug|Any CPU
		{7770F571-0C06-4B98-A864-34E6FC7C56EE}.Release|Any CPU.ActiveCfg = Release|Any CPU
		{7770F571-0C06-4B98-A864-34E6FC7C56EE}.Release|Any CPU.Build.0 = Release|Any CPU
	EndGlobalSection
	GlobalSection(SolutionProperties) = preSolution
		HideSolutionNode = FALSE
	EndGlobalSection
	GlobalSection(ExtensibilityGlobals) = postSolution
		SolutionGuid = {FA2A4461-B642-4A22-8DBB-C64CE86A99A9}
	EndGlobalSection
EndGlobal
