
Microsoft Visual Studio Solution File, Format Version 12.00
# Visual Studio Version 17
VisualStudioVersion = 17.2.32516.85
MinimumVisualStudioVersion = 10.0.40219.1
Project("{FAE04EC0-301F-11D3-BF4B-00C04F79EFBC}") = "01_DayOfWeek", "01_DayOfWeek\01_DayOfWeek.csproj", "{C2327FBA-4DB6-4FAC-810E-A06D38362A10}"
EndProject
Project("{FAE04EC0-301F-11D3-BF4B-00C04F79EFBC}") = "02_PrintNumbersinReverseOrder", "02_PrintNumbersinReverseOrder\02_PrintNumbersinReverseOrder.csproj", "{0AF1FC5D-93F2-4F7E-A7E4-70B76266F58F}"
EndProject
Project("{FAE04EC0-301F-11D3-BF4B-00C04F79EFBC}") = "03_RoundingNumbers", "03_RoundingNumbers\03_RoundingNumbers.csproj", "{5E2EF7FE-4D50-4BA8-9FD3-259A75E03983}"
EndProject
Project("{FAE04EC0-301F-11D3-BF4B-00C04F79EFBC}") = "04-ReverseArrayOfString", "04-ReverseArrayOfString\04-ReverseArrayOfString.csproj", "{1D66CC43-EE50-448C-899B-68BD3994AD61}"
EndProject
Project("{FAE04EC0-301F-11D3-BF4B-00C04F79EFBC}") = "05_SumEvenNumbers", "06_EvenSum\05_SumEvenNumbers.csproj", "{2BFA1278-F5AA-485F-8BDC-F8C424AF13C8}"
EndProject
Project("{FAE04EC0-301F-11D3-BF4B-00C04F79EFBC}") = "06_EvenAndOddSubstraction", "07_EvenAndOddSubstraction\06_EvenAndOddSubstraction.csproj", "{F6F5C7EC-2AF0-458A-9594-09DAD8F0275D}"
EndProject
Project("{FAE04EC0-301F-11D3-BF4B-00C04F79EFBC}") = "07_EqualArrays", "07_EqualArrays\07_EqualArrays.csproj", "{D9029F3F-7D9A-4228-A9B2-7E1CBC9372DA}"
EndProject
Project("{FAE04EC0-301F-11D3-BF4B-00C04F79EFBC}") = "08_CondenseArrayToNumber", "08_CondenseArrayToNumber\08_CondenseArrayToNumber.csproj", "{1F516C20-CEF1-43B5-B1A6-C42D3D5D8F45}"
EndProject
Global
	GlobalSection(SolutionConfigurationPlatforms) = preSolution
		Debug|Any CPU = Debug|Any CPU
		Release|Any CPU = Release|Any CPU
	EndGlobalSection
	GlobalSection(ProjectConfigurationPlatforms) = postSolution
		{C2327FBA-4DB6-4FAC-810E-A06D38362A10}.Debug|Any CPU.ActiveCfg = Debug|Any CPU
		{C2327FBA-4DB6-4FAC-810E-A06D38362A10}.Debug|Any CPU.Build.0 = Debug|Any CPU
		{C2327FBA-4DB6-4FAC-810E-A06D38362A10}.Release|Any CPU.ActiveCfg = Release|Any CPU
		{C2327FBA-4DB6-4FAC-810E-A06D38362A10}.Release|Any CPU.Build.0 = Release|Any CPU
		{0AF1FC5D-93F2-4F7E-A7E4-70B76266F58F}.Debug|Any CPU.ActiveCfg = Debug|Any CPU
		{0AF1FC5D-93F2-4F7E-A7E4-70B76266F58F}.Debug|Any CPU.Build.0 = Debug|Any CPU
		{0AF1FC5D-93F2-4F7E-A7E4-70B76266F58F}.Release|Any CPU.ActiveCfg = Release|Any CPU
		{0AF1FC5D-93F2-4F7E-A7E4-70B76266F58F}.Release|Any CPU.Build.0 = Release|Any CPU
		{5E2EF7FE-4D50-4BA8-9FD3-259A75E03983}.Debug|Any CPU.ActiveCfg = Debug|Any CPU
		{5E2EF7FE-4D50-4BA8-9FD3-259A75E03983}.Debug|Any CPU.Build.0 = Debug|Any CPU
		{5E2EF7FE-4D50-4BA8-9FD3-259A75E03983}.Release|Any CPU.ActiveCfg = Release|Any CPU
		{5E2EF7FE-4D50-4BA8-9FD3-259A75E03983}.Release|Any CPU.Build.0 = Release|Any CPU
		{1D66CC43-EE50-448C-899B-68BD3994AD61}.Debug|Any CPU.ActiveCfg = Debug|Any CPU
		{1D66CC43-EE50-448C-899B-68BD3994AD61}.Debug|Any CPU.Build.0 = Debug|Any CPU
		{1D66CC43-EE50-448C-899B-68BD3994AD61}.Release|Any CPU.ActiveCfg = Release|Any CPU
		{1D66CC43-EE50-448C-899B-68BD3994AD61}.Release|Any CPU.Build.0 = Release|Any CPU
		{2BFA1278-F5AA-485F-8BDC-F8C424AF13C8}.Debug|Any CPU.ActiveCfg = Debug|Any CPU
		{2BFA1278-F5AA-485F-8BDC-F8C424AF13C8}.Debug|Any CPU.Build.0 = Debug|Any CPU
		{2BFA1278-F5AA-485F-8BDC-F8C424AF13C8}.Release|Any CPU.ActiveCfg = Release|Any CPU
		{2BFA1278-F5AA-485F-8BDC-F8C424AF13C8}.Release|Any CPU.Build.0 = Release|Any CPU
		{F6F5C7EC-2AF0-458A-9594-09DAD8F0275D}.Debug|Any CPU.ActiveCfg = Debug|Any CPU
		{F6F5C7EC-2AF0-458A-9594-09DAD8F0275D}.Debug|Any CPU.Build.0 = Debug|Any CPU
		{F6F5C7EC-2AF0-458A-9594-09DAD8F0275D}.Release|Any CPU.ActiveCfg = Release|Any CPU
		{F6F5C7EC-2AF0-458A-9594-09DAD8F0275D}.Release|Any CPU.Build.0 = Release|Any CPU
		{D9029F3F-7D9A-4228-A9B2-7E1CBC9372DA}.Debug|Any CPU.ActiveCfg = Debug|Any CPU
		{D9029F3F-7D9A-4228-A9B2-7E1CBC9372DA}.Debug|Any CPU.Build.0 = Debug|Any CPU
		{D9029F3F-7D9A-4228-A9B2-7E1CBC9372DA}.Release|Any CPU.ActiveCfg = Release|Any CPU
		{D9029F3F-7D9A-4228-A9B2-7E1CBC9372DA}.Release|Any CPU.Build.0 = Release|Any CPU
		{1F516C20-CEF1-43B5-B1A6-C42D3D5D8F45}.Debug|Any CPU.ActiveCfg = Debug|Any CPU
		{1F516C20-CEF1-43B5-B1A6-C42D3D5D8F45}.Debug|Any CPU.Build.0 = Debug|Any CPU
		{1F516C20-CEF1-43B5-B1A6-C42D3D5D8F45}.Release|Any CPU.ActiveCfg = Release|Any CPU
		{1F516C20-CEF1-43B5-B1A6-C42D3D5D8F45}.Release|Any CPU.Build.0 = Release|Any CPU
	EndGlobalSection
	GlobalSection(SolutionProperties) = preSolution
		HideSolutionNode = FALSE
	EndGlobalSection
	GlobalSection(ExtensibilityGlobals) = postSolution
		SolutionGuid = {D8C9F1CF-A14A-4557-A035-CA0AC4C8A0DD}
	EndGlobalSection
EndGlobal
